// !$*UTF8*$!
{
	archiveVersion = 1;
	classes = {
	};
	objectVersion = 55;
	objects = {

/* Begin PBXBuildFile section */
		211F986228E09A3D00028718 /* PokedexApp.swift in Sources */ = {isa = PBXBuildFile; fileRef = 211F986128E09A3D00028718 /* PokedexApp.swift */; };
		211F986428E09A3D00028718 /* HomeView.swift in Sources */ = {isa = PBXBuildFile; fileRef = 211F986328E09A3D00028718 /* HomeView.swift */; };
		211F986628E09A3F00028718 /* Assets.xcassets in Resources */ = {isa = PBXBuildFile; fileRef = 211F986528E09A3F00028718 /* Assets.xcassets */; };
		211F986928E09A3F00028718 /* Preview Assets.xcassets in Resources */ = {isa = PBXBuildFile; fileRef = 211F986828E09A3F00028718 /* Preview Assets.xcassets */; };
		212954C328F49C41003CBFE7 /* HomeViewModel.swift in Sources */ = {isa = PBXBuildFile; fileRef = 212954C228F49C41003CBFE7 /* HomeViewModel.swift */; };
		2130DBA128E383CE0005859A /* DetailView.swift in Sources */ = {isa = PBXBuildFile; fileRef = 2130DBA028E383CE0005859A /* DetailView.swift */; };
		2130DBA428E395E10005859A /* ApiResponse.swift in Sources */ = {isa = PBXBuildFile; fileRef = 2130DBA328E395E10005859A /* ApiResponse.swift */; };
		2156977628F4A4570037B18D /* DetailViewModel.swift in Sources */ = {isa = PBXBuildFile; fileRef = 2156977528F4A4570037B18D /* DetailViewModel.swift */; };
		2156977928F4A4F70037B18D /* TextUtils.swift in Sources */ = {isa = PBXBuildFile; fileRef = 2156977828F4A4F70037B18D /* TextUtils.swift */; };
		2173A86728F6E06E0076F7D5 /* PokeApiRepository.swift in Sources */ = {isa = PBXBuildFile; fileRef = 2173A86628F6E06E0076F7D5 /* PokeApiRepository.swift */; };
		2173A86D28F766180076F7D5 /* PokeApiEndpoints.swift in Sources */ = {isa = PBXBuildFile; fileRef = 2173A86C28F766180076F7D5 /* PokeApiEndpoints.swift */; };
		2173A86F28F769000076F7D5 /* PokemonApiRepositoryProtocol.swift in Sources */ = {isa = PBXBuildFile; fileRef = 2173A86E28F769000076F7D5 /* PokemonApiRepositoryProtocol.swift */; };
/* End PBXBuildFile section */

/* Begin PBXFileReference section */
		211F985E28E09A3D00028718 /* Pokedex.app */ = {isa = PBXFileReference; explicitFileType = wrapper.application; includeInIndex = 0; path = Pokedex.app; sourceTree = BUILT_PRODUCTS_DIR; };
		211F986128E09A3D00028718 /* PokedexApp.swift */ = {isa = PBXFileReference; lastKnownFileType = sourcecode.swift; path = PokedexApp.swift; sourceTree = "<group>"; };
		211F986328E09A3D00028718 /* HomeView.swift */ = {isa = PBXFileReference; lastKnownFileType = sourcecode.swift; path = HomeView.swift; sourceTree = "<group>"; };
		211F986528E09A3F00028718 /* Assets.xcassets */ = {isa = PBXFileReference; lastKnownFileType = folder.assetcatalog; path = Assets.xcassets; sourceTree = "<group>"; };
		211F986828E09A3F00028718 /* Preview Assets.xcassets */ = {isa = PBXFileReference; lastKnownFileType = folder.assetcatalog; path = "Preview Assets.xcassets"; sourceTree = "<group>"; };
		212954C228F49C41003CBFE7 /* HomeViewModel.swift */ = {isa = PBXFileReference; lastKnownFileType = sourcecode.swift; path = HomeViewModel.swift; sourceTree = "<group>"; };
		2130DBA028E383CE0005859A /* DetailView.swift */ = {isa = PBXFileReference; lastKnownFileType = sourcecode.swift; path = DetailView.swift; sourceTree = "<group>"; };
		2130DBA328E395E10005859A /* ApiResponse.swift */ = {isa = PBXFileReference; lastKnownFileType = sourcecode.swift; path = ApiResponse.swift; sourceTree = "<group>"; };
		2156977528F4A4570037B18D /* DetailViewModel.swift */ = {isa = PBXFileReference; lastKnownFileType = sourcecode.swift; path = DetailViewModel.swift; sourceTree = "<group>"; };
		2156977828F4A4F70037B18D /* TextUtils.swift */ = {isa = PBXFileReference; lastKnownFileType = sourcecode.swift; path = TextUtils.swift; sourceTree = "<group>"; };
		2173A86628F6E06E0076F7D5 /* PokeApiRepository.swift */ = {isa = PBXFileReference; lastKnownFileType = sourcecode.swift; path = PokeApiRepository.swift; sourceTree = "<group>"; };
		2173A86C28F766180076F7D5 /* PokeApiEndpoints.swift */ = {isa = PBXFileReference; lastKnownFileType = sourcecode.swift; path = PokeApiEndpoints.swift; sourceTree = "<group>"; };
		2173A86E28F769000076F7D5 /* PokemonApiRepositoryProtocol.swift */ = {isa = PBXFileReference; lastKnownFileType = sourcecode.swift; path = PokemonApiRepositoryProtocol.swift; sourceTree = "<group>"; };
/* End PBXFileReference section */

/* Begin PBXFrameworksBuildPhase section */
		211F985B28E09A3D00028718 /* Frameworks */ = {
			isa = PBXFrameworksBuildPhase;
			buildActionMask = 2147483647;
			files = (
			);
			runOnlyForDeploymentPostprocessing = 0;
		};
/* End PBXFrameworksBuildPhase section */

/* Begin PBXGroup section */
		211F985528E09A3D00028718 = {
			isa = PBXGroup;
			children = (
				211F986028E09A3D00028718 /* Pokedex */,
				211F985F28E09A3D00028718 /* Products */,
			);
			sourceTree = "<group>";
		};
		211F985F28E09A3D00028718 /* Products */ = {
			isa = PBXGroup;
			children = (
				211F985E28E09A3D00028718 /* Pokedex.app */,
			);
			name = Products;
			sourceTree = "<group>";
		};
		211F986028E09A3D00028718 /* Pokedex */ = {
			isa = PBXGroup;
			children = (
				2156977728F4A4E90037B18D /* Utils */,
				212954C428F49C46003CBFE7 /* Repository */,
				212954C128F49C2D003CBFE7 /* ViewModel */,
				21FBB00E28F1B37B0093D7BA /* Views */,
				2130DBA228E395C00005859A /* Model */,
				211F986128E09A3D00028718 /* PokedexApp.swift */,
				211F986528E09A3F00028718 /* Assets.xcassets */,
				211F986728E09A3F00028718 /* Preview Content */,
			);
			path = Pokedex;
			sourceTree = "<group>";
		};
		211F986728E09A3F00028718 /* Preview Content */ = {
			isa = PBXGroup;
			children = (
				211F986828E09A3F00028718 /* Preview Assets.xcassets */,
			);
			path = "Preview Content";
			sourceTree = "<group>";
		};
		212954C128F49C2D003CBFE7 /* ViewModel */ = {
			isa = PBXGroup;
			children = (
				212954C228F49C41003CBFE7 /* HomeViewModel.swift */,
				2156977528F4A4570037B18D /* DetailViewModel.swift */,
			);
			path = ViewModel;
			sourceTree = "<group>";
		};
		212954C428F49C46003CBFE7 /* Repository */ = {
			isa = PBXGroup;
			children = (
				2173A86628F6E06E0076F7D5 /* PokeApiRepository.swift */,
				2173A86C28F766180076F7D5 /* PokeApiEndpoints.swift */,
				2173A86E28F769000076F7D5 /* PokemonApiRepositoryProtocol.swift */,
			);
			path = Repository;
			sourceTree = "<group>";
		};
		2130DBA228E395C00005859A /* Model */ = {
			isa = PBXGroup;
			children = (
				2130DBA328E395E10005859A /* ApiResponse.swift */,
			);
			path = Model;
			sourceTree = "<group>";
		};
		2156977728F4A4E90037B18D /* Utils */ = {
			isa = PBXGroup;
			children = (
				2156977828F4A4F70037B18D /* TextUtils.swift */,
			);
			path = Utils;
			sourceTree = "<group>";
		};
		21FBB00E28F1B37B0093D7BA /* Views */ = {
			isa = PBXGroup;
			children = (
				2130DBA028E383CE0005859A /* DetailView.swift */,
				211F986328E09A3D00028718 /* HomeView.swift */,
			);
			path = Views;
			sourceTree = "<group>";
		};
/* End PBXGroup section */

/* Begin PBXNativeTarget section */
		211F985D28E09A3D00028718 /* Pokedex */ = {
			isa = PBXNativeTarget;
			buildConfigurationList = 211F986C28E09A3F00028718 /* Build configuration list for PBXNativeTarget "Pokedex" */;
			buildPhases = (
				211F985A28E09A3D00028718 /* Sources */,
				211F985B28E09A3D00028718 /* Frameworks */,
				211F985C28E09A3D00028718 /* Resources */,
			);
			buildRules = (
			);
			dependencies = (
			);
			name = Pokedex;
			productName = Pokedex;
			productReference = 211F985E28E09A3D00028718 /* Pokedex.app */;
			productType = "com.apple.product-type.application";
		};
/* End PBXNativeTarget section */

/* Begin PBXProject section */
		211F985628E09A3D00028718 /* Project object */ = {
			isa = PBXProject;
			attributes = {
				BuildIndependentTargetsInParallel = 1;
				LastSwiftUpdateCheck = 1340;
				LastUpgradeCheck = 1340;
				TargetAttributes = {
					211F985D28E09A3D00028718 = {
						CreatedOnToolsVersion = 13.4.1;
					};
				};
			};
			buildConfigurationList = 211F985928E09A3D00028718 /* Build configuration list for PBXProject "Pokedex" */;
			compatibilityVersion = "Xcode 13.0";
			developmentRegion = en;
			hasScannedForEncodings = 0;
			knownRegions = (
				en,
				Base,
			);
			mainGroup = 211F985528E09A3D00028718;
			productRefGroup = 211F985F28E09A3D00028718 /* Products */;
			projectDirPath = "";
			projectRoot = "";
			targets = (
				211F985D28E09A3D00028718 /* Pokedex */,
			);
		};
/* End PBXProject section */

/* Begin PBXResourcesBuildPhase section */
		211F985C28E09A3D00028718 /* Resources */ = {
			isa = PBXResourcesBuildPhase;
			buildActionMask = 2147483647;
			files = (
				211F986928E09A3F00028718 /* Preview Assets.xcassets in Resources */,
				211F986628E09A3F00028718 /* Assets.xcassets in Resources */,
			);
			runOnlyForDeploymentPostprocessing = 0;
		};
/* End PBXResourcesBuildPhase section */

/* Begin PBXSourcesBuildPhase section */
		211F985A28E09A3D00028718 /* Sources */ = {
			isa = PBXSourcesBuildPhase;
			buildActionMask = 2147483647;
			files = (
				2173A86F28F769000076F7D5 /* PokemonApiRepositoryProtocol.swift in Sources */,
				2130DBA428E395E10005859A /* ApiResponse.swift in Sources */,
				2156977628F4A4570037B18D /* DetailViewModel.swift in Sources */,
				211F986428E09A3D00028718 /* HomeView.swift in Sources */,
				2173A86728F6E06E0076F7D5 /* PokeApiRepository.swift in Sources */,
				2130DBA128E383CE0005859A /* DetailView.swift in Sources */,
				212954C328F49C41003CBFE7 /* HomeViewModel.swift in Sources */,
				211F986228E09A3D00028718 /* PokedexApp.swift in Sources */,
				2173A86D28F766180076F7D5 /* PokeApiEndpoints.swift in Sources */,
				2156977928F4A4F70037B18D /* TextUtils.swift in Sources */,
			);
			runOnlyForDeploymentPostprocessing = 0;
		};
/* End PBXSourcesBuildPhase section */

/* Begin XCBuildConfiguration section */
		211F986A28E09A3F00028718 /* Debug */ = {
			isa = XCBuildConfiguration;
			buildSettings = {
				ALWAYS_SEARCH_USER_PATHS = NO;
				CLANG_ANALYZER_NONNULL = YES;
				CLANG_ANALYZER_NUMBER_OBJECT_CONVERSION = YES_AGGRESSIVE;
				CLANG_CXX_LANGUAGE_STANDARD = "gnu++17";
				CLANG_ENABLE_MODULES = YES;
				CLANG_ENABLE_OBJC_ARC = YES;
				CLANG_ENABLE_OBJC_WEAK = YES;
				CLANG_WARN_BLOCK_CAPTURE_AUTORELEASING = YES;
				CLANG_WARN_BOOL_CONVERSION = YES;
				CLANG_WARN_COMMA = YES;
				CLANG_WARN_CONSTANT_CONVERSION = YES;
				CLANG_WARN_DEPRECATED_OBJC_IMPLEMENTATIONS = YES;
				CLANG_WARN_DIRECT_OBJC_ISA_USAGE = YES_ERROR;
				CLANG_WARN_DOCUMENTATION_COMMENTS = YES;
				CLANG_WARN_EMPTY_BODY = YES;
				CLANG_WARN_ENUM_CONVERSION = YES;
				CLANG_WARN_INFINITE_RECURSION = YES;
				CLANG_WARN_INT_CONVERSION = YES;
				CLANG_WARN_NON_LITERAL_NULL_CONVERSION = YES;
				CLANG_WARN_OBJC_IMPLICIT_RETAIN_SELF = YES;
				CLANG_WARN_OBJC_LITERAL_CONVERSION = YES;
				CLANG_WARN_OBJC_ROOT_CLASS = YES_ERROR;
				CLANG_WARN_QUOTED_INCLUDE_IN_FRAMEWORK_HEADER = YES;
				CLANG_WARN_RANGE_LOOP_ANALYSIS = YES;
				CLANG_WARN_STRICT_PROTOTYPES = YES;
				CLANG_WARN_SUSPICIOUS_MOVE = YES;
				CLANG_WARN_UNGUARDED_AVAILABILITY = YES_AGGRESSIVE;
				CLANG_WARN_UNREACHABLE_CODE = YES;
				CLANG_WARN__DUPLICATE_METHOD_MATCH = YES;
				COPY_PHASE_STRIP = NO;
				DEBUG_INFORMATION_FORMAT = dwarf;
				ENABLE_STRICT_OBJC_MSGSEND = YES;
				ENABLE_TESTABILITY = YES;
				GCC_C_LANGUAGE_STANDARD = gnu11;
				GCC_DYNAMIC_NO_PIC = NO;
				GCC_NO_COMMON_BLOCKS = YES;
				GCC_OPTIMIZATION_LEVEL = 0;
				GCC_PREPROCESSOR_DEFINITIONS = (
					"DEBUG=1",
					"$(inherited)",
				);
				GCC_WARN_64_TO_32_BIT_CONVERSION = YES;
				GCC_WARN_ABOUT_RETURN_TYPE = YES_ERROR;
				GCC_WARN_UNDECLARED_SELECTOR = YES;
				GCC_WARN_UNINITIALIZED_AUTOS = YES_AGGRESSIVE;
				GCC_WARN_UNUSED_FUNCTION = YES;
				GCC_WARN_UNUSED_VARIABLE = YES;
				IPHONEOS_DEPLOYMENT_TARGET = 15.5;
				MTL_ENABLE_DEBUG_INFO = INCLUDE_SOURCE;
				MTL_FAST_MATH = YES;
				ONLY_ACTIVE_ARCH = YES;
				SDKROOT = iphoneos;
				SWIFT_ACTIVE_COMPILATION_CONDITIONS = DEBUG;
				SWIFT_OPTIMIZATION_LEVEL = "-Onone";
			};
			name = Debug;
		};
		211F986B28E09A3F00028718 /* Release */ = {
			isa = XCBuildConfiguration;
			buildSettings = {
				ALWAYS_SEARCH_USER_PATHS = NO;
				CLANG_ANALYZER_NONNULL = YES;
				CLANG_ANALYZER_NUMBER_OBJECT_CONVERSION = YES_AGGRESSIVE;
				CLANG_CXX_LANGUAGE_STANDARD = "gnu++17";
				CLANG_ENABLE_MODULES = YES;
				CLANG_ENABLE_OBJC_ARC = YES;
				CLANG_ENABLE_OBJC_WEAK = YES;
				CLANG_WARN_BLOCK_CAPTURE_AUTORELEASING = YES;
				CLANG_WARN_BOOL_CONVERSION = YES;
				CLANG_WARN_COMMA = YES;
				CLANG_WARN_CONSTANT_CONVERSION = YES;
				CLANG_WARN_DEPRECATED_OBJC_IMPLEMENTATIONS = YES;
				CLANG_WARN_DIRECT_OBJC_ISA_USAGE = YES_ERROR;
				CLANG_WARN_DOCUMENTATION_COMMENTS = YES;
				CLANG_WARN_EMPTY_BODY = YES;
				CLANG_WARN_ENUM_CONVERSION = YES;
				CLANG_WARN_INFINITE_RECURSION = YES;
				CLANG_WARN_INT_CONVERSION = YES;
				CLANG_WARN_NON_LITERAL_NULL_CONVERSION = YES;
				CLANG_WARN_OBJC_IMPLICIT_RETAIN_SELF = YES;
				CLANG_WARN_OBJC_LITERAL_CONVERSION = YES;
				CLANG_WARN_OBJC_ROOT_CLASS = YES_ERROR;
				CLANG_WARN_QUOTED_INCLUDE_IN_FRAMEWORK_HEADER = YES;
				CLANG_WARN_RANGE_LOOP_ANALYSIS = YES;
				CLANG_WARN_STRICT_PROTOTYPES = YES;
				CLANG_WARN_SUSPICIOUS_MOVE = YES;
				CLANG_WARN_UNGUARDED_AVAILABILITY = YES_AGGRESSIVE;
				CLANG_WARN_UNREACHABLE_CODE = YES;
				CLANG_WARN__DUPLICATE_METHOD_MATCH = YES;
				COPY_PHASE_STRIP = NO;
				DEBUG_INFORMATION_FORMAT = "dwarf-with-dsym";
				ENABLE_NS_ASSERTIONS = NO;
				ENABLE_STRICT_OBJC_MSGSEND = YES;
				GCC_C_LANGUAGE_STANDARD = gnu11;
				GCC_NO_COMMON_BLOCKS = YES;
				GCC_WARN_64_TO_32_BIT_CONVERSION = YES;
				GCC_WARN_ABOUT_RETURN_TYPE = YES_ERROR;
				GCC_WARN_UNDECLARED_SELECTOR = YES;
				GCC_WARN_UNINITIALIZED_AUTOS = YES_AGGRESSIVE;
				GCC_WARN_UNUSED_FUNCTION = YES;
				GCC_WARN_UNUSED_VARIABLE = YES;
				IPHONEOS_DEPLOYMENT_TARGET = 15.5;
				MTL_ENABLE_DEBUG_INFO = NO;
				MTL_FAST_MATH = YES;
				SDKROOT = iphoneos;
				SWIFT_COMPILATION_MODE = wholemodule;
				SWIFT_OPTIMIZATION_LEVEL = "-O";
				VALIDATE_PRODUCT = YES;
			};
			name = Release;
		};
		211F986D28E09A3F00028718 /* Debug */ = {
			isa = XCBuildConfiguration;
			buildSettings = {
				ASSETCATALOG_COMPILER_APPICON_NAME = AppIcon;
				ASSETCATALOG_COMPILER_GLOBAL_ACCENT_COLOR_NAME = AccentColor;
				CODE_SIGN_STYLE = Automatic;
				CURRENT_PROJECT_VERSION = 1;
				DEVELOPMENT_ASSET_PATHS = "\"Pokedex/Preview Content\"";
				DEVELOPMENT_TEAM = 7WMGUAVFGS;
				ENABLE_PREVIEWS = YES;
				GENERATE_INFOPLIST_FILE = YES;
				INFOPLIST_KEY_UIApplicationSceneManifest_Generation = YES;
				INFOPLIST_KEY_UIApplicationSupportsIndirectInputEvents = YES;
				INFOPLIST_KEY_UILaunchScreen_Generation = YES;
				INFOPLIST_KEY_UISupportedInterfaceOrientations_iPad = "UIInterfaceOrientationPortrait UIInterfaceOrientationPortraitUpsideDown UIInterfaceOrientationLandscapeLeft UIInterfaceOrientationLandscapeRight";
				INFOPLIST_KEY_UISupportedInterfaceOrientations_iPhone = "UIInterfaceOrientationPortrait UIInterfaceOrientationLandscapeLeft UIInterfaceOrientationLandscapeRight";
				LD_RUNPATH_SEARCH_PATHS = (
					"$(inherited)",
					"@executable_path/Frameworks",
				);
				MARKETING_VERSION = 1.0;
				PRODUCT_BUNDLE_IDENTIFIER = ios.rnovoa.Pokedex;
				PRODUCT_NAME = "$(TARGET_NAME)";
				SWIFT_EMIT_LOC_STRINGS = YES;
				SWIFT_VERSION = 5.0;
				TARGETED_DEVICE_FAMILY = "1,2";
			};
			name = Debug;
		};
		211F986E28E09A3F00028718 /* Release */ = {
			isa = XCBuildConfiguration;
			buildSettings = {
				ASSETCATALOG_COMPILER_APPICON_NAME = AppIcon;
				ASSETCATALOG_COMPILER_GLOBAL_ACCENT_COLOR_NAME = AccentColor;
				CODE_SIGN_STYLE = Automatic;
				CURRENT_PROJECT_VERSION = 1;
				DEVELOPMENT_ASSET_PATHS = "\"Pokedex/Preview Content\"";
				DEVELOPMENT_TEAM = 7WMGUAVFGS;
				ENABLE_PREVIEWS = YES;
				GENERATE_INFOPLIST_FILE = YES;
				INFOPLIST_KEY_UIApplicationSceneManifest_Generation = YES;
				INFOPLIST_KEY_UIApplicationSupportsIndirectInputEvents = YES;
				INFOPLIST_KEY_UILaunchScreen_Generation = YES;
				INFOPLIST_KEY_UISupportedInterfaceOrientations_iPad = "UIInterfaceOrientationPortrait UIInterfaceOrientationPortraitUpsideDown UIInterfaceOrientationLandscapeLeft UIInterfaceOrientationLandscapeRight";
				INFOPLIST_KEY_UISupportedInterfaceOrientations_iPhone = "UIInterfaceOrientationPortrait UIInterfaceOrientationLandscapeLeft UIInterfaceOrientationLandscapeRight";
				LD_RUNPATH_SEARCH_PATHS = (
					"$(inherited)",
					"@executable_path/Frameworks",
				);
				MARKETING_VERSION = 1.0;
				PRODUCT_BUNDLE_IDENTIFIER = ios.rnovoa.Pokedex;
				PRODUCT_NAME = "$(TARGET_NAME)";
				SWIFT_EMIT_LOC_STRINGS = YES;
				SWIFT_VERSION = 5.0;
				TARGETED_DEVICE_FAMILY = "1,2";
			};
			name = Release;
		};
/* End XCBuildConfiguration section */

/* Begin XCConfigurationList section */
		211F985928E09A3D00028718 /* Build configuration list for PBXProject "Pokedex" */ = {
			isa = XCConfigurationList;
			buildConfigurations = (
				211F986A28E09A3F00028718 /* Debug */,
				211F986B28E09A3F00028718 /* Release */,
			);
			defaultConfigurationIsVisible = 0;
			defaultConfigurationName = Release;
		};
		211F986C28E09A3F00028718 /* Build configuration list for PBXNativeTarget "Pokedex" */ = {
			isa = XCConfigurationList;
			buildConfigurations = (
				211F986D28E09A3F00028718 /* Debug */,
				211F986E28E09A3F00028718 /* Release */,
			);
			defaultConfigurationIsVisible = 0;
			defaultConfigurationName = Release;
		};
/* End XCConfigurationList section */
	};
	rootObject = 211F985628E09A3D00028718 /* Project object */;
}
