{
  "pins" : [
    {
      "identity" : "flanimatedimage",
      "kind" : "remoteSourceControl",
      "location" : "https://github.com/Flipboard/FLAnimatedImage",
      "state" : {
        "revision" : "d4f07b6f164d53c1212c3e54d6460738b1981e9f",
        "version" : "1.0.17"
      }
    },
    {
      "identity" : "rxswift",
      "kind" : "remoteSourceControl",
      "location" : "https://github.com/ReactiveX/RxSwift",
      "state" : {
        "branch" : "main",
        "revision" : "ab09f6966d5a14ffe6a7b960cc414ac85468b60b"
      }
    }
  ],
  "version" : 2
}
